{
  "nodes": {
    "flake-utils": {
      "locked": {
        "lastModified": 1649676176,
        "narHash": "sha256-OWKJratjt2RW151VUlJPRALb7OU2S5s+f0vLj4o1bHM=",
        "owner": "numtide",
        "repo": "flake-utils",
        "rev": "a4b154ebbdc88c8498a5c7b01589addc9e9cb678",
        "type": "github"
      },
      "original": {
        "owner": "numtide",
        "repo": "flake-utils",
        "type": "github"
      }
    },
    "flake-utils_2": {
      "locked": {
        "lastModified": 1637014545,
        "narHash": "sha256-26IZAc5yzlD9FlDT54io1oqG/bBoyka+FJk5guaX4x4=",
        "owner": "numtide",
        "repo": "flake-utils",
        "rev": "bba5dcc8e0b20ab664967ad83d24d64cb64ec4f4",
        "type": "github"
      },
      "original": {
        "owner": "numtide",
        "repo": "flake-utils",
        "type": "github"
      }
    },
    "flake-utils_3": {
      "locked": {
        "lastModified": 1629481132,
        "narHash": "sha256-JHgasjPR0/J1J3DRm4KxM4zTyAj4IOJY8vIl75v/kPI=",
        "owner": "numtide",
        "repo": "flake-utils",
        "rev": "997f7efcb746a9c140ce1f13c72263189225f482",
        "type": "github"
      },
      "original": {
        "owner": "numtide",
        "repo": "flake-utils",
        "type": "github"
      }
    },
    "nixgl": {
      "inputs": {
        "nixpkgs": "nixpkgs"
      },
      "locked": {
        "lastModified": 1654775507,
        "narHash": "sha256-NPkQiaz6Oo5EuWj5hRXMKebAhAfiVtnklii0imR85dE=",
        "owner": "guibou",
        "repo": "nixGL",
        "rev": "1cce2dd704829504d057dacc71daf1c00951460d",
        "type": "github"
      },
      "original": {
        "owner": "guibou",
        "repo": "nixGL",
        "type": "github"
      }
    },
    "nixpkgs": {
      "locked": {
        "lastModified": 1655122334,
        "narHash": "sha256-Rwwvo9TDCH0a4m/Jvoq5wZ3FLSLiVLBD1FFfN/3XawA=",
        "owner": "NixOS",
        "repo": "nixpkgs",
        "rev": "e1a1cfb56504d1b82a3953bfb0632b37a1ca8d30",
        "type": "github"
      },
      "original": {
        "id": "nixpkgs",
        "type": "indirect"
      }
    },
    "nixpkgs_2": {
      "locked": {
        "lastModified": 1647282937,
        "narHash": "sha256-K8Oo6QyFCfiEWTRpQVfzcwI3YNMKlz6Tu8rr+o3rzRQ=",
        "owner": "nixos",
        "repo": "nixpkgs",
        "rev": "64fc73bd74f04d3e10cb4e70e1c65b92337e76db",
        "type": "github"
      },
      "original": {
        "owner": "nixos",
        "ref": "nixos-21.11",
        "repo": "nixpkgs",
        "type": "github"
      }
    },
    "nixpkgs_3": {
      "locked": {
        "lastModified": 1637453606,
        "narHash": "sha256-Gy6cwUswft9xqsjWxFYEnx/63/qzaFUwatcbV5GF/GQ=",
        "owner": "NixOS",
        "repo": "nixpkgs",
        "rev": "8afc4e543663ca0a6a4f496262cd05233737e732",
        "type": "github"
      },
      "original": {
        "owner": "NixOS",
        "ref": "nixpkgs-unstable",
        "repo": "nixpkgs",
        "type": "github"
      }
    },
    "nixpkgs_4": {
      "locked": {
        "lastModified": 1631288242,
        "narHash": "sha256-sXm4KiKs7qSIf5oTAmrlsEvBW193sFj+tKYVirBaXz0=",
        "owner": "NixOS",
        "repo": "nixpkgs",
        "rev": "0e24c87754430cb6ad2f8c8c8021b29834a8845e",
        "type": "github"
      },
      "original": {
        "owner": "NixOS",
        "ref": "nixpkgs-unstable",
        "repo": "nixpkgs",
        "type": "github"
      }
    },
    "root": {
      "inputs": {
        "flake-utils": "flake-utils",
        "nixgl": "nixgl",
        "nixpkgs": "nixpkgs_2",
        "rust-overlay": "rust-overlay",
        "zig": "zig"
      }
    },
    "rust-overlay": {
      "inputs": {
        "flake-utils": "flake-utils_2",
        "nixpkgs": "nixpkgs_3"
      },
      "locked": {
        "lastModified": 1651459928,
        "narHash": "sha256-V/4b3OG7W6WgkTZXlaYXIg1lYqXy+VgRQReWE4apjgU=",
        "owner": "oxalica",
        "repo": "rust-overlay",
        "rev": "979ae5a43bdb7662c9dfd2f57826afde0ad438bb",
        "type": "github"
      },
      "original": {
        "owner": "oxalica",
        "repo": "rust-overlay",
        "type": "github"
      }
    },
    "zig": {
      "inputs": {
        "flake-utils": "flake-utils_3",
        "nixpkgs": "nixpkgs_4"
      },
      "locked": {
        "lastModified": 1651452199,
        "narHash": "sha256-lq6mTsoPeOCsji/oMFf6953/uOtOhZZ7HSdtjNVDh6I=",
        "owner": "roarkanize",
        "repo": "zig-overlay",
        "rev": "c3bd59086dbc731c240c924fd2bc3581720d0035",
        "type": "github"
      },
      "original": {
        "owner": "roarkanize",
        "repo": "zig-overlay",
        "type": "github"
      }
    }
  },
  "root": "root",
  "version": 7
}
