# This file is automatically @generated by Cargo.
# It is not intended for manual editing.
version = 3

[[package]]
name = "cc"
version = "1.0.72"
source = "registry+https://github.com/rust-lang/crates.io-index"
checksum = "22a9137b95ea06864e018375b72adfb7db6e6f68cfc8df5a04d00288050485ee"

[[package]]
name = "host"
version = "0.1.0"
dependencies = [
 "libc",
 "roc_std",
 "sqlite",
]

[[package]]
name = "libc"
version = "0.2.106"
source = "registry+https://github.com/rust-lang/crates.io-index"
checksum = "a60553f9a9e039a333b4e9b20573b9e9b9c0bb3a11e201ccc48ef4283456d673"

[[package]]
name = "pkg-config"
version = "0.3.24"
source = "registry+https://github.com/rust-lang/crates.io-index"
checksum = "58893f751c9b0412871a09abd62ecd2a00298c6c83befa223ef98c52aef40cbe"

[[package]]
name = "roc_std"
version = "0.1.0"

[[package]]
name = "sqlite"
version = "0.26.0"
source = "registry+https://github.com/rust-lang/crates.io-index"
checksum = "3fb1a534c07ec276fbbe0e55a1c00814d8563da3a2f4d9d9d4c802bd1278db6a"
dependencies = [
 "libc",
 "sqlite3-sys",
]

[[package]]
name = "sqlite3-src"
version = "0.3.0"
source = "registry+https://github.com/rust-lang/crates.io-index"
checksum = "a260b07ce75a0644c6f5891f34f46db9869e731838e95293469ab17999abcfa3"
dependencies = [
 "cc",
 "pkg-config",
]

[[package]]
name = "sqlite3-sys"
version = "0.13.0"
source = "registry+https://github.com/rust-lang/crates.io-index"
checksum = "04d2f028faeb14352df7934b4771806f60d61ce61be1928ec92396d7492e2e54"
dependencies = [
 "libc",
 "sqlite3-src",
]
