# This file is automatically @generated by Cargo.
# It is not intended for manual editing.
[[package]]
name = "ascii"
version = "0.9.1"
source = "registry+https://github.com/rust-lang/crates.io-index"

[[package]]
name = "byteorder"
version = "1.3.1"
source = "registry+https://github.com/rust-lang/crates.io-index"

[[package]]
name = "cfg-if"
version = "0.1.9"
source = "registry+https://github.com/rust-lang/crates.io-index"

[[package]]
name = "combine"
version = "3.8.1"
source = "registry+https://github.com/rust-lang/crates.io-index"
dependencies = [
 "ascii 0.9.1 (registry+https://github.com/rust-lang/crates.io-index)",
 "byteorder 1.3.1 (registry+https://github.com/rust-lang/crates.io-index)",
 "either 1.5.2 (registry+https://github.com/rust-lang/crates.io-index)",
 "memchr 2.2.0 (registry+https://github.com/rust-lang/crates.io-index)",
 "unreachable 1.0.0 (registry+https://github.com/rust-lang/crates.io-index)",
]

[[package]]
name = "either"
version = "1.5.2"
source = "registry+https://github.com/rust-lang/crates.io-index"

[[package]]
name = "im-rc"
version = "13.0.0"
source = "registry+https://github.com/rust-lang/crates.io-index"
dependencies = [
 "rustc_version 0.2.3 (registry+https://github.com/rust-lang/crates.io-index)",
 "sized-chunks 0.3.0 (registry+https://github.com/rust-lang/crates.io-index)",
 "typenum 1.10.0 (registry+https://github.com/rust-lang/crates.io-index)",
]

[[package]]
name = "log"
version = "0.4.6"
source = "registry+https://github.com/rust-lang/crates.io-index"
dependencies = [
 "cfg-if 0.1.9 (registry+https://github.com/rust-lang/crates.io-index)",
]

[[package]]
name = "memchr"
version = "2.2.0"
source = "registry+https://github.com/rust-lang/crates.io-index"

[[package]]
name = "roc"
version = "0.1.0"
dependencies = [
 "combine 3.8.1 (registry+https://github.com/rust-lang/crates.io-index)",
 "im-rc 13.0.0 (registry+https://github.com/rust-lang/crates.io-index)",
 "log 0.4.6 (registry+https://github.com/rust-lang/crates.io-index)",
]

[[package]]
name = "roc-cli"
version = "0.1.0"
dependencies = [
 "roc 0.1.0",
]

[[package]]
name = "rustc_version"
version = "0.2.3"
source = "registry+https://github.com/rust-lang/crates.io-index"
dependencies = [
 "semver 0.9.0 (registry+https://github.com/rust-lang/crates.io-index)",
]

[[package]]
name = "semver"
version = "0.9.0"
source = "registry+https://github.com/rust-lang/crates.io-index"
dependencies = [
 "semver-parser 0.7.0 (registry+https://github.com/rust-lang/crates.io-index)",
]

[[package]]
name = "semver-parser"
version = "0.7.0"
source = "registry+https://github.com/rust-lang/crates.io-index"

[[package]]
name = "sized-chunks"
version = "0.3.0"
source = "registry+https://github.com/rust-lang/crates.io-index"
dependencies = [
 "typenum 1.10.0 (registry+https://github.com/rust-lang/crates.io-index)",
]

[[package]]
name = "typenum"
version = "1.10.0"
source = "registry+https://github.com/rust-lang/crates.io-index"

[[package]]
name = "unreachable"
version = "1.0.0"
source = "registry+https://github.com/rust-lang/crates.io-index"
dependencies = [
 "void 1.0.2 (registry+https://github.com/rust-lang/crates.io-index)",
]

[[package]]
name = "void"
version = "1.0.2"
source = "registry+https://github.com/rust-lang/crates.io-index"

[metadata]
"checksum ascii 0.9.1 (registry+https://github.com/rust-lang/crates.io-index)" = "a5fc969a8ce2c9c0c4b0429bb8431544f6658283c8326ba5ff8c762b75369335"
"checksum byteorder 1.3.1 (registry+https://github.com/rust-lang/crates.io-index)" = "a019b10a2a7cdeb292db131fc8113e57ea2a908f6e7894b0c3c671893b65dbeb"
"checksum cfg-if 0.1.9 (registry+https://github.com/rust-lang/crates.io-index)" = "b486ce3ccf7ffd79fdeb678eac06a9e6c09fc88d33836340becb8fffe87c5e33"
"checksum combine 3.8.1 (registry+https://github.com/rust-lang/crates.io-index)" = "da3da6baa321ec19e1cc41d31bf599f00c783d0517095cdaf0332e3fe8d20680"
"checksum either 1.5.2 (registry+https://github.com/rust-lang/crates.io-index)" = "5527cfe0d098f36e3f8839852688e63c8fff1c90b2b405aef730615f9a7bcf7b"
"checksum im-rc 13.0.0 (registry+https://github.com/rust-lang/crates.io-index)" = "0a0197597d095c0d11107975d3175173f810ee572c2501ff4de64f4f3f119806"
"checksum log 0.4.6 (registry+https://github.com/rust-lang/crates.io-index)" = "c84ec4b527950aa83a329754b01dbe3f58361d1c5efacd1f6d68c494d08a17c6"
"checksum memchr 2.2.0 (registry+https://github.com/rust-lang/crates.io-index)" = "2efc7bc57c883d4a4d6e3246905283d8dae951bb3bd32f49d6ef297f546e1c39"
"checksum rustc_version 0.2.3 (registry+https://github.com/rust-lang/crates.io-index)" = "138e3e0acb6c9fb258b19b67cb8abd63c00679d2851805ea151465464fe9030a"
"checksum semver 0.9.0 (registry+https://github.com/rust-lang/crates.io-index)" = "1d7eb9ef2c18661902cc47e535f9bc51b78acd254da71d375c2f6720d9a40403"
"checksum semver-parser 0.7.0 (registry+https://github.com/rust-lang/crates.io-index)" = "388a1df253eca08550bef6c72392cfe7c30914bf41df5269b68cbd6ff8f570a3"
"checksum sized-chunks 0.3.0 (registry+https://github.com/rust-lang/crates.io-index)" = "a2a2eb3fe454976eefb479f78f9b394d34d661b647c6326a3a6e66f68bb12c26"
"checksum typenum 1.10.0 (registry+https://github.com/rust-lang/crates.io-index)" = "612d636f949607bdf9b123b4a6f6d966dedf3ff669f7f045890d3a4a73948169"
"checksum unreachable 1.0.0 (registry+https://github.com/rust-lang/crates.io-index)" = "382810877fe448991dfc7f0dd6e3ae5d58088fd0ea5e35189655f84e6814fa56"
"checksum void 1.0.2 (registry+https://github.com/rust-lang/crates.io-index)" = "6a02e4885ed3bc0f2de90ea6dd45ebcbb66dacffe03547fadbb0eeae2770887d"
