# This file is automatically @generated by Cargo.
# It is not intended for manual editing.
[[package]]
name = "ansi_term"
version = "0.11.0"
source = "registry+https://github.com/rust-lang/crates.io-index"
dependencies = [
 "winapi 0.3.7 (registry+https://github.com/rust-lang/crates.io-index)",
]

[[package]]
name = "difference"
version = "2.0.0"
source = "registry+https://github.com/rust-lang/crates.io-index"

[[package]]
name = "im-rc"
version = "13.0.0"
source = "registry+https://github.com/rust-lang/crates.io-index"
dependencies = [
 "rustc_version 0.2.3 (registry+https://github.com/rust-lang/crates.io-index)",
 "sized-chunks 0.3.0 (registry+https://github.com/rust-lang/crates.io-index)",
 "typenum 1.10.0 (registry+https://github.com/rust-lang/crates.io-index)",
]

[[package]]
name = "pretty_assertions"
version = "0.5.1"
source = "registry+https://github.com/rust-lang/crates.io-index"
dependencies = [
 "ansi_term 0.11.0 (registry+https://github.com/rust-lang/crates.io-index)",
 "difference 2.0.0 (registry+https://github.com/rust-lang/crates.io-index)",
]

[[package]]
name = "roc-std"
version = "0.1.0"
dependencies = [
 "im-rc 13.0.0 (registry+https://github.com/rust-lang/crates.io-index)",
 "pretty_assertions 0.5.1 (registry+https://github.com/rust-lang/crates.io-index)",
]

[[package]]
name = "rustc_version"
version = "0.2.3"
source = "registry+https://github.com/rust-lang/crates.io-index"
dependencies = [
 "semver 0.9.0 (registry+https://github.com/rust-lang/crates.io-index)",
]

[[package]]
name = "semver"
version = "0.9.0"
source = "registry+https://github.com/rust-lang/crates.io-index"
dependencies = [
 "semver-parser 0.7.0 (registry+https://github.com/rust-lang/crates.io-index)",
]

[[package]]
name = "semver-parser"
version = "0.7.0"
source = "registry+https://github.com/rust-lang/crates.io-index"

[[package]]
name = "sized-chunks"
version = "0.3.0"
source = "registry+https://github.com/rust-lang/crates.io-index"
dependencies = [
 "typenum 1.10.0 (registry+https://github.com/rust-lang/crates.io-index)",
]

[[package]]
name = "typenum"
version = "1.10.0"
source = "registry+https://github.com/rust-lang/crates.io-index"

[[package]]
name = "winapi"
version = "0.3.7"
source = "registry+https://github.com/rust-lang/crates.io-index"
dependencies = [
 "winapi-i686-pc-windows-gnu 0.4.0 (registry+https://github.com/rust-lang/crates.io-index)",
 "winapi-x86_64-pc-windows-gnu 0.4.0 (registry+https://github.com/rust-lang/crates.io-index)",
]

[[package]]
name = "winapi-i686-pc-windows-gnu"
version = "0.4.0"
source = "registry+https://github.com/rust-lang/crates.io-index"

[[package]]
name = "winapi-x86_64-pc-windows-gnu"
version = "0.4.0"
source = "registry+https://github.com/rust-lang/crates.io-index"

[metadata]
"checksum ansi_term 0.11.0 (registry+https://github.com/rust-lang/crates.io-index)" = "ee49baf6cb617b853aa8d93bf420db2383fab46d314482ca2803b40d5fde979b"
"checksum difference 2.0.0 (registry+https://github.com/rust-lang/crates.io-index)" = "524cbf6897b527295dff137cec09ecf3a05f4fddffd7dfcd1585403449e74198"
"checksum im-rc 13.0.0 (registry+https://github.com/rust-lang/crates.io-index)" = "0a0197597d095c0d11107975d3175173f810ee572c2501ff4de64f4f3f119806"
"checksum pretty_assertions 0.5.1 (registry+https://github.com/rust-lang/crates.io-index)" = "3a029430f0d744bc3d15dd474d591bed2402b645d024583082b9f63bb936dac6"
"checksum rustc_version 0.2.3 (registry+https://github.com/rust-lang/crates.io-index)" = "138e3e0acb6c9fb258b19b67cb8abd63c00679d2851805ea151465464fe9030a"
"checksum semver 0.9.0 (registry+https://github.com/rust-lang/crates.io-index)" = "1d7eb9ef2c18661902cc47e535f9bc51b78acd254da71d375c2f6720d9a40403"
"checksum semver-parser 0.7.0 (registry+https://github.com/rust-lang/crates.io-index)" = "388a1df253eca08550bef6c72392cfe7c30914bf41df5269b68cbd6ff8f570a3"
"checksum sized-chunks 0.3.0 (registry+https://github.com/rust-lang/crates.io-index)" = "a2a2eb3fe454976eefb479f78f9b394d34d661b647c6326a3a6e66f68bb12c26"
"checksum typenum 1.10.0 (registry+https://github.com/rust-lang/crates.io-index)" = "612d636f949607bdf9b123b4a6f6d966dedf3ff669f7f045890d3a4a73948169"
"checksum winapi 0.3.7 (registry+https://github.com/rust-lang/crates.io-index)" = "f10e386af2b13e47c89e7236a7a14a086791a2b88ebad6df9bf42040195cf770"
"checksum winapi-i686-pc-windows-gnu 0.4.0 (registry+https://github.com/rust-lang/crates.io-index)" = "ac3b87c63620426dd9b991e5ce0329eff545bccbbb34f3be09ff6fb6ab51b7b6"
"checksum winapi-x86_64-pc-windows-gnu 0.4.0 (registry+https://github.com/rust-lang/crates.io-index)" = "712e227841d057c1ee1cd2fb22fa7e5a5461ae8e48fa2ca79ec42cfc1931183f"
